
Microsoft Visual Studio Solution File, Format Version 12.00
# Visual Studio Version 17
VisualStudioVersion = 17.8.34330.188
MinimumVisualStudioVersion = 10.0.40219.1
Project("{9A19103F-16F7-4668-BE54-9A1E7A4F7556}") = "01.UniqueUsernames", "01.UniqueUsernames\01.UniqueUsernames.csproj", "{4CB01E4D-DD2D-4E7E-94E2-A48FF75CF9D3}"
EndProject
Project("{9A19103F-16F7-4668-BE54-9A1E7A4F7556}") = "02.SetsOfElements", "02.SetsOfElements\02.SetsOfElements.csproj", "{20FAD55B-1D29-439E-9374-6CAF5DD3A420}"
EndProject
Project("{9A19103F-16F7-4668-BE54-9A1E7A4F7556}") = "03.PeriodicTable", "03.PeriodicTable\03.PeriodicTable.csproj", "{216156EF-B3C5-4AFB-B19D-BF2E4F4134BE}"
EndProject
Project("{FAE04EC0-301F-11D3-BF4B-00C04F79EFBC}") = "04.EvenTimes", "04.EvenTimes\04.EvenTimes.csproj", "{CBF5DEE7-82B5-4BE6-8942-9C0FAB93E749}"
EndProject
Project("{FAE04EC0-301F-11D3-BF4B-00C04F79EFBC}") = "05.CountSymbols", "05.CountSymbols\05.CountSymbols.csproj", "{6C088524-EE36-423D-BFAC-DD309CB37398}"
EndProject
Project("{FAE04EC0-301F-11D3-BF4B-00C04F79EFBC}") = "06.Wardrobe", "06.Wardrobe\06.Wardrobe.csproj", "{909FA11D-D782-4C57-85A4-D67D4FD5F636}"
EndProject
Project("{FAE04EC0-301F-11D3-BF4B-00C04F79EFBC}") = "07.TheV-Logger", "07.TheV-Logger\07.TheV-Logger.csproj", "{77CD9210-88C5-4FA6-9DB7-44E58CF5B8B0}"
EndProject
Global
	GlobalSection(SolutionConfigurationPlatforms) = preSolution
		Debug|Any CPU = Debug|Any CPU
		Release|Any CPU = Release|Any CPU
	EndGlobalSection
	GlobalSection(ProjectConfigurationPlatforms) = postSolution
		{4CB01E4D-DD2D-4E7E-94E2-A48FF75CF9D3}.Debug|Any CPU.ActiveCfg = Debug|Any CPU
		{4CB01E4D-DD2D-4E7E-94E2-A48FF75CF9D3}.Debug|Any CPU.Build.0 = Debug|Any CPU
		{4CB01E4D-DD2D-4E7E-94E2-A48FF75CF9D3}.Release|Any CPU.ActiveCfg = Release|Any CPU
		{4CB01E4D-DD2D-4E7E-94E2-A48FF75CF9D3}.Release|Any CPU.Build.0 = Release|Any CPU
		{20FAD55B-1D29-439E-9374-6CAF5DD3A420}.Debug|Any CPU.ActiveCfg = Debug|Any CPU
		{20FAD55B-1D29-439E-9374-6CAF5DD3A420}.Debug|Any CPU.Build.0 = Debug|Any CPU
		{20FAD55B-1D29-439E-9374-6CAF5DD3A420}.Release|Any CPU.ActiveCfg = Release|Any CPU
		{20FAD55B-1D29-439E-9374-6CAF5DD3A420}.Release|Any CPU.Build.0 = Release|Any CPU
		{216156EF-B3C5-4AFB-B19D-BF2E4F4134BE}.Debug|Any CPU.ActiveCfg = Debug|Any CPU
		{216156EF-B3C5-4AFB-B19D-BF2E4F4134BE}.Debug|Any CPU.Build.0 = Debug|Any CPU
		{216156EF-B3C5-4AFB-B19D-BF2E4F4134BE}.Release|Any CPU.ActiveCfg = Release|Any CPU
		{216156EF-B3C5-4AFB-B19D-BF2E4F4134BE}.Release|Any CPU.Build.0 = Release|Any CPU
		{CBF5DEE7-82B5-4BE6-8942-9C0FAB93E749}.Debug|Any CPU.ActiveCfg = Debug|Any CPU
		{CBF5DEE7-82B5-4BE6-8942-9C0FAB93E749}.Debug|Any CPU.Build.0 = Debug|Any CPU
		{CBF5DEE7-82B5-4BE6-8942-9C0FAB93E749}.Release|Any CPU.ActiveCfg = Release|Any CPU
		{CBF5DEE7-82B5-4BE6-8942-9C0FAB93E749}.Release|Any CPU.Build.0 = Release|Any CPU
		{6C088524-EE36-423D-BFAC-DD309CB37398}.Debug|Any CPU.ActiveCfg = Debug|Any CPU
		{6C088524-EE36-423D-BFAC-DD309CB37398}.Debug|Any CPU.Build.0 = Debug|Any CPU
		{6C088524-EE36-423D-BFAC-DD309CB37398}.Release|Any CPU.ActiveCfg = Release|Any CPU
		{6C088524-EE36-423D-BFAC-DD309CB37398}.Release|Any CPU.Build.0 = Release|Any CPU
		{909FA11D-D782-4C57-85A4-D67D4FD5F636}.Debug|Any CPU.ActiveCfg = Debug|Any CPU
		{909FA11D-D782-4C57-85A4-D67D4FD5F636}.Debug|Any CPU.Build.0 = Debug|Any CPU
		{909FA11D-D782-4C57-85A4-D67D4FD5F636}.Release|Any CPU.ActiveCfg = Release|Any CPU
		{909FA11D-D782-4C57-85A4-D67D4FD5F636}.Release|Any CPU.Build.0 = Release|Any CPU
		{77CD9210-88C5-4FA6-9DB7-44E58CF5B8B0}.Debug|Any CPU.ActiveCfg = Debug|Any CPU
		{77CD9210-88C5-4FA6-9DB7-44E58CF5B8B0}.Debug|Any CPU.Build.0 = Debug|Any CPU
		{77CD9210-88C5-4FA6-9DB7-44E58CF5B8B0}.Release|Any CPU.ActiveCfg = Release|Any CPU
		{77CD9210-88C5-4FA6-9DB7-44E58CF5B8B0}.Release|Any CPU.Build.0 = Release|Any CPU
	EndGlobalSection
	GlobalSection(SolutionProperties) = preSolution
		HideSolutionNode = FALSE
	EndGlobalSection
	GlobalSection(ExtensibilityGlobals) = postSolution
		SolutionGuid = {09D82DE5-870A-4C2C-8DD7-A4A4590AD7D2}
	EndGlobalSection
EndGlobal
