
Microsoft Visual Studio Solution File, Format Version 12.00
# Visual Studio Version 17
VisualStudioVersion = 17.8.34330.188
MinimumVisualStudioVersion = 10.0.40219.1
Project("{9A19103F-16F7-4668-BE54-9A1E7A4F7556}") = "01.BasicStackOperations", "01.BasicStackOperations\01.BasicStackOperations.csproj", "{FCC1B579-E162-49BD-AABE-DA9C460C82C5}"
EndProject
Project("{FAE04EC0-301F-11D3-BF4B-00C04F79EFBC}") = "02.BasicQueueOperations", "02.BasicQueueOperations\02.BasicQueueOperations.csproj", "{E0525FE9-C7AF-465C-B1AB-CC85D0C3737B}"
EndProject
Global
	GlobalSection(SolutionConfigurationPlatforms) = preSolution
		Debug|Any CPU = Debug|Any CPU
		Release|Any CPU = Release|Any CPU
	EndGlobalSection
	GlobalSection(ProjectConfigurationPlatforms) = postSolution
		{FCC1B579-E162-49BD-AABE-DA9C460C82C5}.Debug|Any CPU.ActiveCfg = Debug|Any CPU
		{FCC1B579-E162-49BD-AABE-DA9C460C82C5}.Debug|Any CPU.Build.0 = Debug|Any CPU
		{FCC1B579-E162-49BD-AABE-DA9C460C82C5}.Release|Any CPU.ActiveCfg = Release|Any CPU
		{FCC1B579-E162-49BD-AABE-DA9C460C82C5}.Release|Any CPU.Build.0 = Release|Any CPU
		{E0525FE9-C7AF-465C-B1AB-CC85D0C3737B}.Debug|Any CPU.ActiveCfg = Debug|Any CPU
		{E0525FE9-C7AF-465C-B1AB-CC85D0C3737B}.Debug|Any CPU.Build.0 = Debug|Any CPU
		{E0525FE9-C7AF-465C-B1AB-CC85D0C3737B}.Release|Any CPU.ActiveCfg = Release|Any CPU
		{E0525FE9-C7AF-465C-B1AB-CC85D0C3737B}.Release|Any CPU.Build.0 = Release|Any CPU
	EndGlobalSection
	GlobalSection(SolutionProperties) = preSolution
		HideSolutionNode = FALSE
	EndGlobalSection
	GlobalSection(ExtensibilityGlobals) = postSolution
		SolutionGuid = {E7F99314-0F62-426C-B57E-163549B2CB02}
	EndGlobalSection
EndGlobal
