
Microsoft Visual Studio Solution File, Format Version 12.00
# Visual Studio Version 17
VisualStudioVersion = 17.8.34330.188
MinimumVisualStudioVersion = 10.0.40219.1
Project("{9A19103F-16F7-4668-BE54-9A1E7A4F7556}") = "01.BasicStackOperations", "01.BasicStackOperations\01.BasicStackOperations.csproj", "{FCC1B579-E162-49BD-AABE-DA9C460C82C5}"
EndProject
Project("{9A19103F-16F7-4668-BE54-9A1E7A4F7556}") = "02.BasicQueueOperations", "02.BasicQueueOperations\02.BasicQueueOperations.csproj", "{E0525FE9-C7AF-465C-B1AB-CC85D0C3737B}"
EndProject
Project("{9A19103F-16F7-4668-BE54-9A1E7A4F7556}") = "03.MaximumAndMinimumElement", "03.MaximumAndMinimumElement\03.MaximumAndMinimumElement.csproj", "{34B0B75E-06DC-43E1-99C3-3445B659A145}"
EndProject
Project("{9A19103F-16F7-4668-BE54-9A1E7A4F7556}") = "04.FastFood", "04.FastFood\04.FastFood.csproj", "{648EFE0C-5E90-4E03-BD79-4561527418DC}"
EndProject
Project("{9A19103F-16F7-4668-BE54-9A1E7A4F7556}") = "05.FashionBoutique", "05.FashionBoutique\05.FashionBoutique.csproj", "{FCD67974-ADC3-4A1A-8B82-F63387EE4476}"
EndProject
Project("{9A19103F-16F7-4668-BE54-9A1E7A4F7556}") = "06.SongsQueue", "06.SongsQueue\06.SongsQueue.csproj", "{2F5B46EC-0E7B-44D1-802F-B6A139216283}"
EndProject
Project("{9A19103F-16F7-4668-BE54-9A1E7A4F7556}") = "07.TruckTour", "07.TruckTour\07.TruckTour.csproj", "{45745991-F09C-4873-97C8-E371B70847EA}"
EndProject
Project("{9A19103F-16F7-4668-BE54-9A1E7A4F7556}") = "08.BalancedParenthesis", "08.BalancedParenthesis\08.BalancedParenthesis.csproj", "{59828B50-CB99-4268-A909-7D2952D0C05E}"
EndProject
Project("{9A19103F-16F7-4668-BE54-9A1E7A4F7556}") = "09.SimpleTextEditor", "09.SimpleTextEditor\09.SimpleTextEditor.csproj", "{754FCB60-EB1E-49BA-9361-D3677A2FBA04}"
EndProject
Project("{FAE04EC0-301F-11D3-BF4B-00C04F79EFBC}") = "10.Crossroads", "10.Crossroads\10.Crossroads.csproj", "{2FE72506-1A40-403E-8A9D-CB9388F7CBD2}"
EndProject
Project("{FAE04EC0-301F-11D3-BF4B-00C04F79EFBC}") = "11.KeyRevolver", "11.KeyRevolver\11.KeyRevolver.csproj", "{575FDA17-33CA-49AD-8FE4-9568533FDABE}"
EndProject
Global
	GlobalSection(SolutionConfigurationPlatforms) = preSolution
		Debug|Any CPU = Debug|Any CPU
		Release|Any CPU = Release|Any CPU
	EndGlobalSection
	GlobalSection(ProjectConfigurationPlatforms) = postSolution
		{FCC1B579-E162-49BD-AABE-DA9C460C82C5}.Debug|Any CPU.ActiveCfg = Debug|Any CPU
		{FCC1B579-E162-49BD-AABE-DA9C460C82C5}.Debug|Any CPU.Build.0 = Debug|Any CPU
		{FCC1B579-E162-49BD-AABE-DA9C460C82C5}.Release|Any CPU.ActiveCfg = Release|Any CPU
		{FCC1B579-E162-49BD-AABE-DA9C460C82C5}.Release|Any CPU.Build.0 = Release|Any CPU
		{E0525FE9-C7AF-465C-B1AB-CC85D0C3737B}.Debug|Any CPU.ActiveCfg = Debug|Any CPU
		{E0525FE9-C7AF-465C-B1AB-CC85D0C3737B}.Debug|Any CPU.Build.0 = Debug|Any CPU
		{E0525FE9-C7AF-465C-B1AB-CC85D0C3737B}.Release|Any CPU.ActiveCfg = Release|Any CPU
		{E0525FE9-C7AF-465C-B1AB-CC85D0C3737B}.Release|Any CPU.Build.0 = Release|Any CPU
		{34B0B75E-06DC-43E1-99C3-3445B659A145}.Debug|Any CPU.ActiveCfg = Debug|Any CPU
		{34B0B75E-06DC-43E1-99C3-3445B659A145}.Debug|Any CPU.Build.0 = Debug|Any CPU
		{34B0B75E-06DC-43E1-99C3-3445B659A145}.Release|Any CPU.ActiveCfg = Release|Any CPU
		{34B0B75E-06DC-43E1-99C3-3445B659A145}.Release|Any CPU.Build.0 = Release|Any CPU
		{648EFE0C-5E90-4E03-BD79-4561527418DC}.Debug|Any CPU.ActiveCfg = Debug|Any CPU
		{648EFE0C-5E90-4E03-BD79-4561527418DC}.Debug|Any CPU.Build.0 = Debug|Any CPU
		{648EFE0C-5E90-4E03-BD79-4561527418DC}.Release|Any CPU.ActiveCfg = Release|Any CPU
		{648EFE0C-5E90-4E03-BD79-4561527418DC}.Release|Any CPU.Build.0 = Release|Any CPU
		{FCD67974-ADC3-4A1A-8B82-F63387EE4476}.Debug|Any CPU.ActiveCfg = Debug|Any CPU
		{FCD67974-ADC3-4A1A-8B82-F63387EE4476}.Debug|Any CPU.Build.0 = Debug|Any CPU
		{FCD67974-ADC3-4A1A-8B82-F63387EE4476}.Release|Any CPU.ActiveCfg = Release|Any CPU
		{FCD67974-ADC3-4A1A-8B82-F63387EE4476}.Release|Any CPU.Build.0 = Release|Any CPU
		{2F5B46EC-0E7B-44D1-802F-B6A139216283}.Debug|Any CPU.ActiveCfg = Debug|Any CPU
		{2F5B46EC-0E7B-44D1-802F-B6A139216283}.Debug|Any CPU.Build.0 = Debug|Any CPU
		{2F5B46EC-0E7B-44D1-802F-B6A139216283}.Release|Any CPU.ActiveCfg = Release|Any CPU
		{2F5B46EC-0E7B-44D1-802F-B6A139216283}.Release|Any CPU.Build.0 = Release|Any CPU
		{45745991-F09C-4873-97C8-E371B70847EA}.Debug|Any CPU.ActiveCfg = Debug|Any CPU
		{45745991-F09C-4873-97C8-E371B70847EA}.Debug|Any CPU.Build.0 = Debug|Any CPU
		{45745991-F09C-4873-97C8-E371B70847EA}.Release|Any CPU.ActiveCfg = Release|Any CPU
		{45745991-F09C-4873-97C8-E371B70847EA}.Release|Any CPU.Build.0 = Release|Any CPU
		{59828B50-CB99-4268-A909-7D2952D0C05E}.Debug|Any CPU.ActiveCfg = Debug|Any CPU
		{59828B50-CB99-4268-A909-7D2952D0C05E}.Debug|Any CPU.Build.0 = Debug|Any CPU
		{59828B50-CB99-4268-A909-7D2952D0C05E}.Release|Any CPU.ActiveCfg = Release|Any CPU
		{59828B50-CB99-4268-A909-7D2952D0C05E}.Release|Any CPU.Build.0 = Release|Any CPU
		{754FCB60-EB1E-49BA-9361-D3677A2FBA04}.Debug|Any CPU.ActiveCfg = Debug|Any CPU
		{754FCB60-EB1E-49BA-9361-D3677A2FBA04}.Debug|Any CPU.Build.0 = Debug|Any CPU
		{754FCB60-EB1E-49BA-9361-D3677A2FBA04}.Release|Any CPU.ActiveCfg = Release|Any CPU
		{754FCB60-EB1E-49BA-9361-D3677A2FBA04}.Release|Any CPU.Build.0 = Release|Any CPU
		{2FE72506-1A40-403E-8A9D-CB9388F7CBD2}.Debug|Any CPU.ActiveCfg = Debug|Any CPU
		{2FE72506-1A40-403E-8A9D-CB9388F7CBD2}.Debug|Any CPU.Build.0 = Debug|Any CPU
		{2FE72506-1A40-403E-8A9D-CB9388F7CBD2}.Release|Any CPU.ActiveCfg = Release|Any CPU
		{2FE72506-1A40-403E-8A9D-CB9388F7CBD2}.Release|Any CPU.Build.0 = Release|Any CPU
		{575FDA17-33CA-49AD-8FE4-9568533FDABE}.Debug|Any CPU.ActiveCfg = Debug|Any CPU
		{575FDA17-33CA-49AD-8FE4-9568533FDABE}.Debug|Any CPU.Build.0 = Debug|Any CPU
		{575FDA17-33CA-49AD-8FE4-9568533FDABE}.Release|Any CPU.ActiveCfg = Release|Any CPU
		{575FDA17-33CA-49AD-8FE4-9568533FDABE}.Release|Any CPU.Build.0 = Release|Any CPU
	EndGlobalSection
	GlobalSection(SolutionProperties) = preSolution
		HideSolutionNode = FALSE
	EndGlobalSection
	GlobalSection(ExtensibilityGlobals) = postSolution
		SolutionGuid = {E7F99314-0F62-426C-B57E-163549B2CB02}
	EndGlobalSection
EndGlobal
